version = 1
revision = 3
requires-python = "==3.12.*"

[[package]]
name = "asgiref"
version = "3.4.1"
source = { registry = "https://pypi.org/simple" }
sdist = { url = "https://files.pythonhosted.org/packages/07/93/3618b68b4ba6b54bc97b5fd7d90e4981471edfaf51c8321a29a3c76cf47c/asgiref-3.4.1.tar.gz", hash = "sha256:4ef1ab46b484e3c706329cedeff284a5d40824200638503f5768edb6de7d58e9", size = 32529, upload-time = "2021-07-01T16:17:42.656Z" }
wheels = [
    { url = "https://files.pythonhosted.org/packages/fe/66/577f32b54c50dcd8dec38447258e82ed327ecb86820d67ae7b3dea784f13/asgiref-3.4.1-py3-none-any.whl", hash = "sha256:ffc141aa908e6f175673e7b1b3b7af4fdb0ecb738fc5c8b88f69f055c2415214", size = 25019, upload-time = "2021-07-01T16:17:40.824Z" },
]

[[package]]
name = "black"
version = "22.1.0"
source = { registry = "https://pypi.org/simple" }
dependencies = [
    { name = "click" },
    { name = "mypy-extensions" },
    { name = "pathspec" },
    { name = "platformdirs" },
    { name = "tomli" },
]
sdist = { url = "https://files.pythonhosted.org/packages/42/58/8a3443a5034685152270f9012a9d196c9f165791ed3f2777307708b15f6c/black-22.1.0.tar.gz", hash = "sha256:a7c0192d35635f6fc1174be575cb7915e92e5dd629ee79fdaf0dcfa41a80afb5", size = 559521, upload-time = "2022-01-29T20:38:08.749Z" }
wheels = [
    { url = "https://files.pythonhosted.org/packages/a5/59/bd6d44da2b364fd2bd7a0b2ce2edfe200b79faad1cde14ce5ef13d504393/black-22.1.0-py3-none-any.whl", hash = "sha256:3524739d76b6b3ed1132422bf9d82123cd1705086723bc3e235ca39fd21c667d", size = 160408, upload-time = "2022-01-29T20:38:07.336Z" },
]

[[package]]
name = "click"
version = "8.0.4"
source = { registry = "https://pypi.org/simple" }
dependencies = [
    { name = "colorama", marker = "sys_platform == 'win32'" },
]
sdist = { url = "https://files.pythonhosted.org/packages/dd/cf/706c1ad49ab26abed0b77a2f867984c1341ed7387b8030a6aa914e2942a0/click-8.0.4.tar.gz", hash = "sha256:8458d7b1287c5fb128c90e23381cf99dcde74beaf6c7ff6384ce84d6fe090adb", size = 329520, upload-time = "2022-02-18T20:31:30.105Z" }
wheels = [
    { url = "https://files.pythonhosted.org/packages/4a/a8/0b2ced25639fb20cc1c9784de90a8c25f9504a7f18cd8b5397bd61696d7d/click-8.0.4-py3-none-any.whl", hash = "sha256:6a7a62563bbfabfda3a38f3023a1db4a35978c0abd76f6c9605ecd6554d6d9b1", size = 97486, upload-time = "2022-02-18T20:31:27.733Z" },
]

[[package]]
name = "colorama"
version = "0.4.4"
source = { registry = "https://pypi.org/simple" }
sdist = { url = "https://files.pythonhosted.org/packages/1f/bb/5d3246097ab77fa083a61bd8d3d527b7ae063c7d8e8671b1cf8c4ec10cbe/colorama-0.4.4.tar.gz", hash = "sha256:5941b2b48a20143d2267e95b1c2a7603ce057ee39fd88e7329b0c292aa16869b", size = 27813, upload-time = "2020-10-15T18:36:33.372Z" }
wheels = [
    { url = "https://files.pythonhosted.org/packages/44/98/5b86278fbbf250d239ae0ecb724f8572af1c91f4a11edf4d36a206189440/colorama-0.4.4-py2.py3-none-any.whl", hash = "sha256:9f47eda37229f68eee03b24b9748937c7dc3868f906e8ba69fbcbdd3bc5dc3e2", size = 16028, upload-time = "2020-10-13T02:42:26.463Z" },
]

[[package]]
name = "django"
version = "3.2.12"
source = { registry = "https://pypi.org/simple" }
dependencies = [
    { name = "asgiref" },
    { name = "pytz" },
    { name = "sqlparse" },
]
sdist = { url = "https://files.pythonhosted.org/packages/83/d9/7f28811ff78ce1903dc9a32ac439e4e6c98298cd2e99cb01f528e51dd796/Django-3.2.12.tar.gz", hash = "sha256:9772e6935703e59e993960832d66a614cf0233a1c5123bc6224ecc6ad69e41e2", size = 9812448, upload-time = "2022-02-01T07:56:32Z" }
wheels = [
    { url = "https://files.pythonhosted.org/packages/9c/0e/02b7eff8fac2c25ede489933d4e899f6e6f283ae8eaf5189431057c8d406/Django-3.2.12-py3-none-any.whl", hash = "sha256:9b06c289f9ba3a8abea16c9c9505f25107809fb933676f6c891ded270039d965", size = 7887444, upload-time = "2022-02-01T07:56:19.625Z" },
]

[[package]]
name = "django-cors-headers"
version = "3.11.0"
source = { registry = "https://pypi.org/simple" }
dependencies = [
    { name = "django" },
]
sdist = { url = "https://files.pythonhosted.org/packages/3e/39/0058ff0bd2cb7aacfa00e660ddaf18fe4de7d2d8be9535857016d39ec201/django-cors-headers-3.11.0.tar.gz", hash = "sha256:eb98389bf7a2afc5d374806af4a9149697e3a6955b5a2dc2bf049f7d33647456", size = 20730, upload-time = "2022-01-10T16:52:24.753Z" }
wheels = [
    { url = "https://files.pythonhosted.org/packages/5a/8d/678814a8ffa62650ee8c4e8a0d8704f43462473c2e7577187d4de961afe4/django_cors_headers-3.11.0-py3-none-any.whl", hash = "sha256:a22be2befd4069c4fc174f11cf067351df5c061a3a5f94a01650b4e928b0372b", size = 12952, upload-time = "2022-01-10T16:52:23.244Z" },
]

[[package]]
name = "djangorestframework"
version = "3.13.1"
source = { registry = "https://pypi.org/simple" }
dependencies = [
    { name = "django" },
    { name = "pytz" },
]
sdist = { url = "https://files.pythonhosted.org/packages/7e/40/efa7f7b2448194b1065572f34d3e6cadb478c67af62f6893957376d8a9be/djangorestframework-3.13.1.tar.gz", hash = "sha256:0c33407ce23acc68eca2a6e46424b008c9c02eceb8cf18581921d0092bc1f2ee", size = 954950, upload-time = "2021-12-15T15:18:44.593Z" }
wheels = [
    { url = "https://files.pythonhosted.org/packages/c8/45/2588c7c5a01a7da6822c6ffbc9a731d498c318a803a29ae780ec635ea41d/djangorestframework-3.13.1-py3-none-any.whl", hash = "sha256:24c4bf58ed7e85d1fe4ba250ab2da926d263cd57d64b03e8dcef0ac683f8b1aa", size = 958323, upload-time = "2021-12-15T15:18:42.237Z" },
]

[[package]]
name = "flake8"
version = "4.0.1"
source = { registry = "https://pypi.org/simple" }
dependencies = [
    { name = "mccabe" },
    { name = "pycodestyle" },
    { name = "pyflakes" },
]
sdist = { url = "https://files.pythonhosted.org/packages/e6/84/d8db922289195c435779b4ca3a3f583f263f87e67954f7b2e83c8da21f48/flake8-4.0.1.tar.gz", hash = "sha256:806e034dda44114815e23c16ef92f95c91e4c71100ff52813adf7132a6ad870d", size = 154905, upload-time = "2021-10-11T12:42:48.941Z" }
wheels = [
    { url = "https://files.pythonhosted.org/packages/34/39/cde2c8a227abb4f9ce62fe55586b920f438f1d2903a1a22514d0b982c333/flake8-4.0.1-py2.py3-none-any.whl", hash = "sha256:479b1304f72536a55948cb40a32dce8bb0ffe3501e26eaf292c7e60eb5e0428d", size = 64091, upload-time = "2021-10-11T12:42:47.401Z" },
]

[[package]]
name = "mccabe"
version = "0.6.1"
source = { registry = "https://pypi.org/simple" }
sdist = { url = "https://files.pythonhosted.org/packages/06/18/fa675aa501e11d6d6ca0ae73a101b2f3571a565e0f7d38e062eec18a91ee/mccabe-0.6.1.tar.gz", hash = "sha256:dd8d182285a0fe56bace7f45b5e7d1a6ebcbf524e8f3bd87eb0f125271b8831f", size = 8612, upload-time = "2017-01-26T22:13:15.699Z" }
wheels = [
    { url = "https://files.pythonhosted.org/packages/87/89/479dc97e18549e21354893e4ee4ef36db1d237534982482c3681ee6e7b57/mccabe-0.6.1-py2.py3-none-any.whl", hash = "sha256:ab8a6258860da4b6677da4bd2fe5dc2c659cff31b3ee4f7f5d64e79735b80d42", size = 8556, upload-time = "2017-01-26T22:13:14.36Z" },
]

[[package]]
name = "mypy-extensions"
version = "0.4.3"
source = { registry = "https://pypi.org/simple" }
sdist = { url = "https://files.pythonhosted.org/packages/63/60/0582ce2eaced55f65a4406fc97beba256de4b7a95a0034c6576458c6519f/mypy_extensions-0.4.3.tar.gz", hash = "sha256:2d82818f5bb3e369420cb3c4060a7970edba416647068eb4c5343488a6c604a8", size = 4252, upload-time = "2019-10-17T22:38:58.685Z" }
wheels = [
    { url = "https://files.pythonhosted.org/packages/5c/eb/975c7c080f3223a5cdaff09612f3a5221e4ba534f7039db34c35d95fa6a5/mypy_extensions-0.4.3-py2.py3-none-any.whl", hash = "sha256:090fedd75945a69ae91ce1303b5824f428daf5a028d2f6ab8a299250a846f15d", size = 4470, upload-time = "2019-10-17T22:38:56.922Z" },
]

[[package]]
name = "pathspec"
version = "0.9.0"
source = { registry = "https://pypi.org/simple" }
sdist = { url = "https://files.pythonhosted.org/packages/f6/33/436c5cb94e9f8902e59d1d544eb298b83c84b9ec37b5b769c5a0ad6edb19/pathspec-0.9.0.tar.gz", hash = "sha256:e564499435a2673d586f6b2130bb5b95f04a3ba06f81b8f895b651a3c76aabb1", size = 29483, upload-time = "2021-07-18T00:27:56.81Z" }
wheels = [
    { url = "https://files.pythonhosted.org/packages/42/ba/a9d64c7bcbc7e3e8e5f93a52721b377e994c22d16196e2b0f1236774353a/pathspec-0.9.0-py2.py3-none-any.whl", hash = "sha256:7d15c4ddb0b5c802d161efc417ec1a2558ea2653c2e8ad9c19098201dc1c993a", size = 31165, upload-time = "2021-07-18T00:27:58.275Z" },
]

[[package]]
name = "platformdirs"
version = "2.5.1"
source = { registry = "https://pypi.org/simple" }
sdist = { url = "https://files.pythonhosted.org/packages/33/66/61da40aa546141b0d70b37fe6bb4ef1200b4b4cb98849f131b58faa9a5d2/platformdirs-2.5.1.tar.gz", hash = "sha256:7535e70dfa32e84d4b34996ea99c5e432fa29a708d0f4e394bbcb2a8faa4f16d", size = 24720, upload-time = "2022-02-19T17:27:40.519Z" }
wheels = [
    { url = "https://files.pythonhosted.org/packages/de/de/d8b9da351517c3dece273224522d4714cfdb9a89e2e6f7f7f054a340cc2b/platformdirs-2.5.1-py3-none-any.whl", hash = "sha256:bcae7cab893c2d310a711b70b24efb93334febe65f8de776ee320b517471e227", size = 14496, upload-time = "2022-02-19T17:27:39.081Z" },
]

[[package]]
name = "pycodestyle"
version = "2.8.0"
source = { registry = "https://pypi.org/simple" }
sdist = { url = "https://files.pythonhosted.org/packages/08/dc/b29daf0a202b03f57c19e7295b60d1d5e1281c45a6f5f573e41830819918/pycodestyle-2.8.0.tar.gz", hash = "sha256:eddd5847ef438ea1c7870ca7eb78a9d47ce0cdb4851a5523949f2601d0cbbe7f", size = 102299, upload-time = "2021-10-11T00:56:27.496Z" }
wheels = [
    { url = "https://files.pythonhosted.org/packages/15/94/bc43a2efb7b8615e38acde2b6624cae8c9ec86faf718ff5676c5179a7714/pycodestyle-2.8.0-py2.py3-none-any.whl", hash = "sha256:720f8b39dde8b293825e7ff02c475f3077124006db4f440dcbc9a20b76548a20", size = 42112, upload-time = "2021-10-11T00:56:25.599Z" },
]

[[package]]
name = "pyflakes"
version = "2.4.0"
source = { registry = "https://pypi.org/simple" }
sdist = { url = "https://files.pythonhosted.org/packages/15/60/c577e54518086e98470e9088278247f4af1d39cb43bcbd731e2c307acd6a/pyflakes-2.4.0.tar.gz", hash = "sha256:05a85c2872edf37a4ed30b0cce2f6093e1d0581f8c19d7393122da7e25b2b24c", size = 69101, upload-time = "2021-10-06T20:39:50.936Z" }
wheels = [
    { url = "https://files.pythonhosted.org/packages/43/fb/38848eb494af7df9aeb2d7673ace8b213313eb7e391691a79dbaeb6a838f/pyflakes-2.4.0-py2.py3-none-any.whl", hash = "sha256:3bb3a3f256f4b7968c9c788781e4ff07dce46bdf12339dcda61053375426ee2e", size = 69704, upload-time = "2021-10-06T20:39:49.185Z" },
]

[[package]]
name = "pytz"
version = "2021.3"
source = { registry = "https://pypi.org/simple" }
sdist = { url = "https://files.pythonhosted.org/packages/e3/8e/1cde9d002f48a940b9d9d38820aaf444b229450c0854bdf15305ce4a3d1a/pytz-2021.3.tar.gz", hash = "sha256:acad2d8b20a1af07d4e4c9d2e9285c5ed9104354062f275f3fcd88dcef4f1326", size = 320512, upload-time = "2021-10-02T03:56:32.818Z" }
wheels = [
    { url = "https://files.pythonhosted.org/packages/d3/e3/d9f046b5d1c94a3aeab15f1f867aa414f8ee9d196fae6865f1d6a0ee1a0b/pytz-2021.3-py2.py3-none-any.whl", hash = "sha256:3672058bc3453457b622aab7a1c3bfd5ab0bdae451512f6cf25f64ed37f5b87c", size = 503471, upload-time = "2021-10-02T03:56:30.247Z" },
]

[[package]]
name = "request-header"
version = "0.1.0"
source = { editable = "." }
dependencies = [
    { name = "django" },
    { name = "django-cors-headers" },
    { name = "djangorestframework" },
]

[package.dev-dependencies]
dev = [
    { name = "black" },
    { name = "flake8" },
]

[package.metadata]
requires-dist = [
    { name = "django", specifier = ">=3.2.9,<4" },
    { name = "django-cors-headers", specifier = ">=3.11.0,<4" },
    { name = "djangorestframework", specifier = ">=3.12.4,<4" },
]

[package.metadata.requires-dev]
dev = [
    { name = "black", specifier = ">=22.1.0,<23" },
    { name = "flake8", specifier = ">=4.0.1,<5" },
]

[[package]]
name = "sqlparse"
version = "0.4.2"
source = { registry = "https://pypi.org/simple" }
sdist = { url = "https://files.pythonhosted.org/packages/32/fe/8a8575debfd924c8160295686a7ea661107fc34d831429cce212b6442edb/sqlparse-0.4.2.tar.gz", hash = "sha256:0c00730c74263a94e5a9919ade150dfc3b19c574389985446148402998287dae", size = 67771, upload-time = "2021-09-10T06:51:58.92Z" }
wheels = [
    { url = "https://files.pythonhosted.org/packages/05/40/d836d55fb3f467243ee839ab7b814822fda522cd395fa41e282684e71ee5/sqlparse-0.4.2-py3-none-any.whl", hash = "sha256:48719e356bb8b42991bdbb1e8b83223757b93789c00910a616a071910ca4a64d", size = 42309, upload-time = "2021-09-10T06:51:56.892Z" },
]

[[package]]
name = "tomli"
version = "2.0.1"
source = { registry = "https://pypi.org/simple" }
sdist = { url = "https://files.pythonhosted.org/packages/c0/3f/d7af728f075fb08564c5949a9c95e44352e23dee646869fa104a3b2060a3/tomli-2.0.1.tar.gz", hash = "sha256:de526c12914f0c550d15924c62d72abc48d6fe7364aa87328337a31007fe8a4f", size = 15164, upload-time = "2022-02-08T10:54:04.006Z" }
wheels = [
    { url = "https://files.pythonhosted.org/packages/97/75/10a9ebee3fd790d20926a90a2547f0bf78f371b2f13aa822c759680ca7b9/tomli-2.0.1-py3-none-any.whl", hash = "sha256:939de3e7a6161af0c887ef91b7d41a53e7c5a1ca976325f429cb46ea9bc30ecc", size = 12757, upload-time = "2022-02-08T10:54:02.017Z" },
]
